github.com/open-falcon/agent v0.0.0-20170305005333-3eb5031bd1d0 h1:+mNf5tibWX41vuTBn2TQQigjx8RWGaL2pdSq1TxWBgM=
github.com/open-falcon/agent v0.0.0-20170305005333-3eb5031bd1d0/go.mod h1:/uFMRPqoxHkWnF+a8AALkJGuj7FEMFbfTTeSKZgNkZg=
github.com/open-falcon/common v0.0.0-20160912145637-b9ba65549217 h1:L4XJY7gTKcthXZeELbp/Qq7GWfoExjlr/t6/T/rr7Fg=
github.com/open-falcon/common v0.0.0-20160912145637-b9ba65549217/go.mod h1:tnuXAGdYOwQ/LdoyIT4LwLBBdXNxyjIGbjdwjqzCOMs=
github.com/toolkits/core v0.0.0-20141116054942-0ebf14900fe2 h1:KqJEPqqAyr7+GzVX3JrRkpruhcMTZJF5kEGO93Rfrqo=
github.com/toolkits/core v0.0.0-20141116054942-0ebf14900fe2/go.mod h1:g5CfkC3ciO92SomFWVazgaQM+sUUG19GQrBNNzGwxZk=
github.com/toolkits/file v0.0.0-20160325033739-a5b3c5147e07 h1:d/VUIMNTk65Xz69htmRPNfjypq2uNRqVsymcXQu6kKk=
github.com/toolkits/file v0.0.0-20160325033739-a5b3c5147e07/go.mod h1:FbXpUxsx5in7z/OrWFDdhYetOy3/VGIJsVHN9G7RUPA=
github.com/toolkits/net v0.0.0-20160910085801-3f39ab6fe3ce h1:XrGffRW+HbN/I45pd25GK3z419YAlHrgTljrQt/ogxk=
github.com/toolkits/net v0.0.0-20160910085801-3f39ab6fe3ce/go.mod h1:6zuR3YGQf7EoHAyqA7EayVehUiQm1ZdGJ2PslJ9Xgls=
github.com/toolkits/nux v0.0.0-20170615080154-d5bf087ae58d h1:ATX1DN4B3ptN6jZNIH4trCx+LPuRakIBvMv2Fhb1A2Y=
github.com/toolkits/nux v0.0.0-20170615080154-d5bf087ae58d/go.mod h1:YO6BC09QPN1xharvGj2ZKH3uFILpBkrOWKxEgLYfqoo=
github.com/toolkits/slice v0.0.0-20141116085117-e44a80af2484 h1:ERmNDajjCusGqV3uLhlHhRNpvQiGM1S6pd0RSe3LP+w=
github.com/toolkits/slice v0.0.0-20141116085117-e44a80af2484/go.mod h1:2ZKxkgYEh//pN54EFSkJBak63sg0LxQQFjQmpEwxQx0=
github.com/toolkits/sys v0.0.0-20170615103026-1f33b217ffaf h1:1/LnhAvvotcSWDl1ntwUePzLXcyHjAzZ0Ih0F+kKGZU=
github.com/toolkits/sys v0.0.0-20170615103026-1f33b217ffaf/go.mod h1:GejnAYmB2Pr/2fWKp7OGdd6MzuXvRwClmdQAnvnr++I=
github.com/toolkits/time v0.0.0-20160524122720-c274716e8d7f h1:dcluAE5OGvcWy7xfrNrYXQrgEUSK34vBpq7mKTE1zz0=
github.com/toolkits/time v0.0.0-20160524122720-c274716e8d7f/go.mod h1:XaIcQHoNgaZn0rTaVOUwOBrsENnHREEBzWmon3ZjUFY=
